hash: 1b089709c6033264fdaad3547b70ca9ef1465dd34c94d7a4219de472af49b2c2
updated: 2016-11-27T22:05:05.566521075+01:00
imports:
- name: github.com/boltdb/bolt
  version: 583e8937c61f1af6513608ccc75c97b6abdf4ff9
- name: github.com/gorilla/context
  version: 08b5f424b9271eedf6f9f0ce86cb9396ed337a42
- name: github.com/gorilla/mux
  version: 0eeaf8392f5b04950925b8a69fe70f110fa7cbfc
- name: golang.org/x/sys
  version: 30237cf4eefd639b184d1f2cb77a581ea0be8947
  subpackages:
  - unix
testImports: []
